dependencies:
  espressif/cmake_utilities:
    component_hash: 351350613ceafba240b761b4ea991e0f231ac7a9f59a9ee901f751bddc0bb18f
    dependencies:
    - name: idf
      require: private
      version: '>=4.1'
    source:
      registry_url: https://components.espressif.com
      type: service
    version: 0.5.3
  espressif/esp_lcd_st7796:
    component_hash: cf252db91cd7b0928b0e03916047d1b90fde8502f9ed00328aa22587d37246a1
    dependencies:
    - name: espressif/cmake_utilities
      registry_url: https://components.espressif.com
      require: private
      version: 0.*
    - name: idf
      require: private
      version: '>=5.2'
    source:
      registry_url: https://components.espressif.com/
      type: service
    targets:
    - esp32
    - esp32s2
    - esp32s3
    - esp32p4
    - esp32c3
    version: 1.5.0
  espressif/esp_lcd_touch:
    component_hash: 3f85a7d95af876f1a6ecca8eb90a81614890d0f03a038390804e5a77e2caf862
    dependencies:
    - name: idf
      require: private
      version: '>=4.4.2'
    source:
      registry_url: https://components.espressif.com
      type: service
    version: 1.2.1
  espressif/esp_lcd_touch_ft5x06:
    component_hash: d49f3dec3ae89617c31d96ac6f31bbc3212a0f049354eabd55c9457e454c56ae
    dependencies:
    - name: espressif/esp_lcd_touch
      registry_url: https://components.espressif.com
      require: public
      version: ^1.2.0
    - name: idf
      require: private
      version: '>=5.2'
    source:
      registry_url: https://components.espressif.com/
      type: service
    version: 1.1.1
  espressif/usb:
    component_hash: 99eee72ea224d9117d4c342442717a1f20bf8112e2ab5d7d7038b827874f4c92
    dependencies:
    - name: idf
      require: private
      version: '>=5.5.3'
    source:
      registry_url: https://components.espressif.com/
      type: service
    targets:
    - esp32s2
    - esp32s3
    - esp32s31
    - esp32p4
    - esp32h4
    - linux
    version: 1.6.0
  espressif/usb_host_uvc:
    component_hash: 183e5737a457f2e8d6b2cc6fa5a1ba6faa5f77e1b7d64f3fe57462ccf2a38e17
    dependencies:
    - name: idf
      require: private
      version: '>=5.0'
    - name: espressif/usb
      registry_url: https://components.espressif.com
      require: public
      rules:
      - if: idf_version >=6.0
      - if: target not in ["linux"]
      version: ^1.0.0
    source:
      registry_url: https://components.espressif.com/
      type: service
    targets:
    - esp32s2
    - esp32s3
    - esp32p4
    - esp32h4
    - esp32s31
    - linux
    version: 2.6.0
  idf:
    source:
      type: idf
    version: 5.5.5
direct_dependencies:
- espressif/esp_lcd_st7796
- espressif/esp_lcd_touch_ft5x06
- espressif/usb
- espressif/usb_host_uvc
- idf
manifest_hash: 0d0109e51c0e15fb1ea5c09048d18ac8de2c0c1e83b84932f03d75deef730bc3
target: esp32p4
version: 2.0.0
